
Microsoft Visual Studio Solution File, Format Version 12.00
# Visual Studio 15
VisualStudioVersion = 15.0.26228.4
MinimumVisualStudioVersion = 10.0.40219.1
Project("{FAE04EC0-301F-11D3-BF4B-00C04F79EFBC}") = "LispTests", "LispTests\LispTests.csproj", "{2517BF60-4567-456F-AE2E-25B280AD24F2}"
EndProject
Project("{9A19103F-16F7-4668-BE54-9A1E7A4F7556}") = "LispEngine", "LispEngine\LispEngine.csproj", "{81EE52DF-F912-4FE5-973C-262762CA3B99}"
EndProject
Project("{9A19103F-16F7-4668-BE54-9A1E7A4F7556}") = "Authority", "Authority\Authority.csproj", "{64D34822-CEC1-4E30-A5E6-5B0E2F7E3BC1}"
EndProject
Global
	GlobalSection(SolutionConfigurationPlatforms) = preSolution
		Debug|Any CPU = Debug|Any CPU
		Debug|Mixed Platforms = Debug|Mixed Platforms
		Debug|x86 = Debug|x86
		Release|Any CPU = Release|Any CPU
		Release|Mixed Platforms = Release|Mixed Platforms
		Release|x86 = Release|x86
	EndGlobalSection
	GlobalSection(ProjectConfigurationPlatforms) = postSolution
		{2517BF60-4567-456F-AE2E-25B280AD24F2}.Debug|Any CPU.ActiveCfg = Debug|Any CPU
		{2517BF60-4567-456F-AE2E-25B280AD24F2}.Debug|Any CPU.Build.0 = Debug|Any CPU
		{2517BF60-4567-456F-AE2E-25B280AD24F2}.Debug|Mixed Platforms.ActiveCfg = Debug|Any CPU
		{2517BF60-4567-456F-AE2E-25B280AD24F2}.Debug|Mixed Platforms.Build.0 = Debug|Any CPU
		{2517BF60-4567-456F-AE2E-25B280AD24F2}.Debug|x86.ActiveCfg = Debug|Any CPU
		{2517BF60-4567-456F-AE2E-25B280AD24F2}.Release|Any CPU.ActiveCfg = Release|Any CPU
		{2517BF60-4567-456F-AE2E-25B280AD24F2}.Release|Any CPU.Build.0 = Release|Any CPU
		{2517BF60-4567-456F-AE2E-25B280AD24F2}.Release|Mixed Platforms.ActiveCfg = Release|Any CPU
		{2517BF60-4567-456F-AE2E-25B280AD24F2}.Release|Mixed Platforms.Build.0 = Release|Any CPU
		{2517BF60-4567-456F-AE2E-25B280AD24F2}.Release|x86.ActiveCfg = Release|Any CPU
		{81EE52DF-F912-4FE5-973C-262762CA3B99}.Debug|Any CPU.ActiveCfg = Debug|Any CPU
		{81EE52DF-F912-4FE5-973C-262762CA3B99}.Debug|Any CPU.Build.0 = Debug|Any CPU
		{81EE52DF-F912-4FE5-973C-262762CA3B99}.Debug|Mixed Platforms.ActiveCfg = Debug|Any CPU
		{81EE52DF-F912-4FE5-973C-262762CA3B99}.Debug|Mixed Platforms.Build.0 = Debug|Any CPU
		{81EE52DF-F912-4FE5-973C-262762CA3B99}.Debug|x86.ActiveCfg = Debug|Any CPU
		{81EE52DF-F912-4FE5-973C-262762CA3B99}.Release|Any CPU.ActiveCfg = Release|Any CPU
		{81EE52DF-F912-4FE5-973C-262762CA3B99}.Release|Any CPU.Build.0 = Release|Any CPU
		{81EE52DF-F912-4FE5-973C-262762CA3B99}.Release|Mixed Platforms.ActiveCfg = Release|Any CPU
		{81EE52DF-F912-4FE5-973C-262762CA3B99}.Release|Mixed Platforms.Build.0 = Release|Any CPU
		{81EE52DF-F912-4FE5-973C-262762CA3B99}.Release|x86.ActiveCfg = Release|Any CPU
		{64D34822-CEC1-4E30-A5E6-5B0E2F7E3BC1}.Debug|Any CPU.ActiveCfg = Debug|Any CPU
		{64D34822-CEC1-4E30-A5E6-5B0E2F7E3BC1}.Debug|Any CPU.Build.0 = Debug|Any CPU
		{64D34822-CEC1-4E30-A5E6-5B0E2F7E3BC1}.Debug|Mixed Platforms.ActiveCfg = Debug|Any CPU
		{64D34822-CEC1-4E30-A5E6-5B0E2F7E3BC1}.Debug|Mixed Platforms.Build.0 = Debug|Any CPU
		{64D34822-CEC1-4E30-A5E6-5B0E2F7E3BC1}.Debug|x86.ActiveCfg = Debug|Any CPU
		{64D34822-CEC1-4E30-A5E6-5B0E2F7E3BC1}.Debug|x86.Build.0 = Debug|Any CPU
		{64D34822-CEC1-4E30-A5E6-5B0E2F7E3BC1}.Release|Any CPU.ActiveCfg = Release|Any CPU
		{64D34822-CEC1-4E30-A5E6-5B0E2F7E3BC1}.Release|Any CPU.Build.0 = Release|Any CPU
		{64D34822-CEC1-4E30-A5E6-5B0E2F7E3BC1}.Release|Mixed Platforms.ActiveCfg = Release|Any CPU
		{64D34822-CEC1-4E30-A5E6-5B0E2F7E3BC1}.Release|Mixed Platforms.Build.0 = Release|Any CPU
		{64D34822-CEC1-4E30-A5E6-5B0E2F7E3BC1}.Release|x86.ActiveCfg = Release|Any CPU
		{64D34822-CEC1-4E30-A5E6-5B0E2F7E3BC1}.Release|x86.Build.0 = Release|Any CPU
	EndGlobalSection
	GlobalSection(SolutionProperties) = preSolution
		HideSolutionNode = FALSE
	EndGlobalSection
EndGlobal
